{
  "name": "chinese-to-english-novel-bridge",
  "version": "1.0.0",
  "lockfileVersion": 3,
  "requires": true,
  "packages": {
    "": {
      "name": "chinese-to-english-novel-bridge",
      "version": "1.0.0",
      "license": "ISC",
      "dependencies": {
        "@types/iconv-lite": "^0.0.1",
        "iconv-lite": "^0.6.3"
      },
      "devDependencies": {
        "@types/node": "^22.13.10"
      }
    },
    "node_modules/@types/iconv-lite": {
      "version": "0.0.1",
      "resolved": "https://registry.npmmirror.com/@types/iconv-lite/-/iconv-lite-0.0.1.tgz",
      "integrity": "sha512-SsRBQxGw7/2/NxYJfBdiUx5a7Ms/voaUhOO9u2y9FTeTNBO1PXohzE4i3JfD8q2Te42HLTn5pyZtDf8j1bPKgQ==",
      "deprecated": "This is a stub types definition for iconv-lite (https://github.com/ashtuchkin/iconv-lite). iconv-lite provides its own type definitions, so you don\\'t need @types/iconv-lite installed!",
      "dependencies": {
        "@types/node": "*"
      }
    },
    "node_modules/@types/node": {
      "version": "22.13.10",
      "resolved": "https://registry.npmmirror.com/@types/node/-/node-22.13.10.tgz",
      "integrity": "sha512-I6LPUvlRH+O6VRUqYOcMudhaIdUVWfsjnZavnsraHvpBwaEyMN29ry+0UVJhImYL16xsscu0aske3yA+uPOWfw==",
      "dependencies": {
        "undici-types": "~6.20.0"
      }
    },
    "node_modules/iconv-lite": {
      "version": "0.6.3",
      "resolved": "https://registry.npmmirror.com/iconv-lite/-/iconv-lite-0.6.3.tgz",
      "integrity": "sha512-4fCk79wshMdzMp2rH06qWrJE4iolqLhCUH+OiuIgU++RB0+94NlDL81atO7GX55uUKueo0txHNtvEyI6D7WdMw==",
      "dependencies": {
        "safer-buffer": ">= 2.1.2 < 3.0.0"
      },
      "engines": {
        "node": ">=0.10.0"
      }
    },
    "node_modules/safer-buffer": {
      "version": "2.1.2",
      "resolved": "https://registry.npmmirror.com/safer-buffer/-/safer-buffer-2.1.2.tgz",
      "integrity": "sha512-YZo3K82SD7Riyi0E1EQPojLz7kpepnSQI9IyPbHHg1XXXevb5dJI7tpyN2ADxGcQbHG7vcyRHk0cbwqcQriUtg=="
    },
    "node_modules/undici-types": {
      "version": "6.20.0",
      "resolved": "https://registry.npmmirror.com/undici-types/-/undici-types-6.20.0.tgz",
      "integrity": "sha512-Ny6QZ2Nju20vw1SRHe3d9jVu6gJ+4e3+MMpqu7pqE5HT6WsTSlce++GQmK5UXS8mzV8DSYHrQH+Xrf2jVcuKNg=="
    }
  }
}
